{
  "nodes": {
    "easy-hls-nix": {
      "inputs": {
        "nixpkgs": [
          "nixpkgs"
        ]
      },
      "locked": {
        "lastModified": 1615701211,
        "narHash": "sha256-S5/eFiSsXhfWk4yNOAN3QE+UACzQ+ak7yuSGNlkvGvI=",
        "owner": "jkachmar",
        "repo": "easy-hls-nix",
        "rev": "cf0cb016e1c57934592fd4c9d07d6b7a67d3f6ce",
        "type": "github"
      },
      "original": {
        "owner": "jkachmar",
        "repo": "easy-hls-nix",
        "type": "github"
      }
    },
    "flake-compat": {
      "flake": false,
      "locked": {
        "lastModified": 1606424373,
        "narHash": "sha256-oq8d4//CJOrVj+EcOaSXvMebvuTkmBJuT5tzlfewUnQ=",
        "owner": "edolstra",
        "repo": "flake-compat",
        "rev": "99f1c2157fba4bfe6211a321fd0ee43199025dbf",
        "type": "github"
      },
      "original": {
        "owner": "edolstra",
        "repo": "flake-compat",
        "type": "github"
      }
    },
    "flake-utils": {
      "locked": {
        "lastModified": 1614513358,
        "narHash": "sha256-LakhOx3S1dRjnh0b5Dg3mbZyH0ToC9I8Y2wKSkBaTzU=",
        "owner": "numtide",
        "repo": "flake-utils",
        "rev": "5466c5bbece17adaab2d82fae80b46e807611bf3",
        "type": "github"
      },
      "original": {
        "owner": "numtide",
        "repo": "flake-utils",
        "type": "github"
      }
    },
    "nix-script": {
      "flake": false,
      "locked": {
        "lastModified": 1616189904,
        "narHash": "sha256-pUM3uubCyxrMDnWho4kNr/YV2vapv97U3nNgwhOgFoo=",
        "owner": "BrianHicks",
        "repo": "nix-script",
        "rev": "623d1d1bd3a1c0d4dd7eb7b969c46d7a22d32117",
        "type": "github"
      },
      "original": {
        "owner": "BrianHicks",
        "repo": "nix-script",
        "type": "github"
      }
    },
    "nixpkgs": {
      "locked": {
        "lastModified": 1615709438,
        "narHash": "sha256-hDLC1wVzcD+9dt1U9QpbP0v9bOYD9NGczsobHIEhDYw=",
        "owner": "NixOS",
        "repo": "nixpkgs",
        "rev": "3a7674c896847d18e598fa5da23d7426cb9be3d2",
        "type": "github"
      },
      "original": {
        "id": "nixpkgs",
        "rev": "3a7674c896847d18e598fa5da23d7426cb9be3d2",
        "type": "indirect"
      }
    },
    "root": {
      "inputs": {
        "easy-hls-nix": "easy-hls-nix",
        "flake-compat": "flake-compat",
        "flake-utils": "flake-utils",
        "nix-script": "nix-script",
        "nixpkgs": "nixpkgs"
      }
    }
  },
  "root": "root",
  "version": 7
}
