{
  "nodes": {
    "darwin-nixpkgs": {
      "locked": {
        "lastModified": 1660370028,
        "narHash": "sha256-UeN6M0/109T/3DrFIWbGWJkcB8Gqm8l5L1EekgbUMy0=",
        "owner": "NixOS",
        "repo": "nixpkgs",
        "rev": "15e66dc65d28652bb9f0ef361506548578713cfd",
        "type": "github"
      },
      "original": {
        "owner": "NixOS",
        "ref": "nixpkgs-22.05-darwin",
        "repo": "nixpkgs",
        "type": "github"
      }
    },
    "easy-hls-nix": {
      "inputs": {
        "nixpkgs": [
          "nixpkgs"
        ]
      },
      "locked": {
        "lastModified": 1646146030,
        "narHash": "sha256-wkKDVVL2/rUGokxs4kqCE+ZzxljBqYDZvBuQGVGXYJM=",
        "owner": "jkachmar",
        "repo": "easy-hls-nix",
        "rev": "ecb85ab6ba0aab0531fff32786dfc51feea19370",
        "type": "github"
      },
      "original": {
        "owner": "jkachmar",
        "repo": "easy-hls-nix",
        "type": "github"
      }
    },
    "flake-compat": {
      "flake": false,
      "locked": {
        "lastModified": 1650374568,
        "narHash": "sha256-Z+s0J8/r907g149rllvwhb4pKi8Wam5ij0st8PwAh+E=",
        "owner": "edolstra",
        "repo": "flake-compat",
        "rev": "b4a34015c698c7793d592d66adbab377907a2be8",
        "type": "github"
      },
      "original": {
        "owner": "edolstra",
        "repo": "flake-compat",
        "type": "github"
      }
    },
    "flake-utils": {
      "locked": {
        "lastModified": 1659877975,
        "narHash": "sha256-zllb8aq3YO3h8B/U0/J1WBgAL8EX5yWf5pMj3G0NAmc=",
        "owner": "numtide",
        "repo": "flake-utils",
        "rev": "c0e246b9b83f637f4681389ecabcb2681b4f3af0",
        "type": "github"
      },
      "original": {
        "owner": "numtide",
        "repo": "flake-utils",
        "type": "github"
      }
    },
    "nixpkgs": {
      "locked": {
        "lastModified": 1660496378,
        "narHash": "sha256-sgAhmrC1iSnl5T2VPPiMpciH1aRw5c7PYEdXX6jd6Gk=",
        "owner": "NixOS",
        "repo": "nixpkgs",
        "rev": "879121648fe522b38cc1cf75aef160a14a1f2e7b",
        "type": "github"
      },
      "original": {
        "owner": "NixOS",
        "ref": "release-22.05",
        "repo": "nixpkgs",
        "type": "github"
      }
    },
    "root": {
      "inputs": {
        "darwin-nixpkgs": "darwin-nixpkgs",
        "easy-hls-nix": "easy-hls-nix",
        "flake-compat": "flake-compat",
        "flake-utils": "flake-utils",
        "nixpkgs": "nixpkgs"
      }
    }
  },
  "root": "root",
  "version": 7
}
