{
  "nodes": {
    "data-merge": {
      "inputs": {
        "nixlib": "nixlib",
        "yants": "yants"
      },
      "locked": {
        "lastModified": 1648237091,
        "narHash": "sha256-OtgcOt/CB0/9S0rh1eAog+AvAg9kF6GyAknyWOXiAZI=",
        "owner": "divnix",
        "repo": "data-merge",
        "rev": "b21bcf7bd949ac92af3930ecb1d3df8786384722",
        "type": "github"
      },
      "original": {
        "owner": "divnix",
        "repo": "data-merge",
        "type": "github"
      }
    },
    "devshell": {
      "inputs": {
        "flake-utils": "flake-utils",
        "nixpkgs": [
          "std",
          "nixpkgs"
        ]
      },
      "locked": {
        "lastModified": 1650900878,
        "narHash": "sha256-qhNncMBSa9STnhiLfELEQpYC1L4GrYHNIzyCZ/pilsI=",
        "owner": "numtide",
        "repo": "devshell",
        "rev": "d97df53b5ddaa1cfbea7cddbd207eb2634304733",
        "type": "github"
      },
      "original": {
        "owner": "numtide",
        "repo": "devshell",
        "type": "github"
      }
    },
    "flake-utils": {
      "locked": {
        "lastModified": 1642700792,
        "narHash": "sha256-XqHrk7hFb+zBvRg6Ghl+AZDq03ov6OshJLiSWOoX5es=",
        "owner": "numtide",
        "repo": "flake-utils",
        "rev": "846b2ae0fc4cc943637d3d1def4454213e203cba",
        "type": "github"
      },
      "original": {
        "owner": "numtide",
        "repo": "flake-utils",
        "type": "github"
      }
    },
    "nixlib": {
      "locked": {
        "lastModified": 1651970744,
        "narHash": "sha256-3X/96C8I5alTCP0FHEx01/YOIvVmjkYoUPX/1Y4Bdsw=",
        "owner": "nix-community",
        "repo": "nixpkgs.lib",
        "rev": "da23418cffc1763e30dba3383eac541afe3e4e70",
        "type": "github"
      },
      "original": {
        "owner": "nix-community",
        "repo": "nixpkgs.lib",
        "type": "github"
      }
    },
    "nixpkgs": {
      "locked": {
        "lastModified": 1651970744,
        "narHash": "sha256-3X/96C8I5alTCP0FHEx01/YOIvVmjkYoUPX/1Y4Bdsw=",
        "owner": "nix-community",
        "repo": "nixpkgs.lib",
        "rev": "da23418cffc1763e30dba3383eac541afe3e4e70",
        "type": "github"
      },
      "original": {
        "owner": "nix-community",
        "repo": "nixpkgs.lib",
        "type": "github"
      }
    },
    "nixpkgs_2": {
      "locked": {
        "lastModified": 1652252629,
        "narHash": "sha256-SvT64apetqc8P5nYp1/fOZvUmHUPdPFUZbhSpKy+1aI=",
        "owner": "NixOS",
        "repo": "nixpkgs",
        "rev": "d2fc6856824cb87742177eefc8dd534bdb6c3439",
        "type": "github"
      },
      "original": {
        "owner": "NixOS",
        "ref": "nixpkgs-unstable",
        "repo": "nixpkgs",
        "type": "github"
      }
    },
    "root": {
      "inputs": {
        "data-merge": "data-merge",
        "nixpkgs": "nixpkgs_2",
        "std": "std"
      }
    },
    "std": {
      "inputs": {
        "devshell": "devshell",
        "nixpkgs": [
          "nixpkgs"
        ],
        "yants": "yants_2"
      },
      "locked": {
        "lastModified": 1652496005,
        "narHash": "sha256-v3jrms+FtbxPu3kttGjBXtubmPcZtYnC3owtksCYsJU=",
        "owner": "divnix",
        "repo": "std",
        "rev": "3b606c26bc88bb3f62a99a111452f832456fe4e9",
        "type": "github"
      },
      "original": {
        "owner": "divnix",
        "repo": "std",
        "type": "github"
      }
    },
    "yants": {
      "inputs": {
        "nixpkgs": "nixpkgs"
      },
      "locked": {
        "lastModified": 1645126146,
        "narHash": "sha256-XQ1eg4gzXoc7Tl8iXak1uCt3KnsTyxqPtLE+vOoDnrQ=",
        "owner": "divnix",
        "repo": "yants",
        "rev": "77df2be1b3cce9f571c6cf451f786b266a6869cc",
        "type": "github"
      },
      "original": {
        "owner": "divnix",
        "repo": "yants",
        "type": "github"
      }
    },
    "yants_2": {
      "inputs": {
        "nixpkgs": [
          "std",
          "nixpkgs"
        ]
      },
      "locked": {
        "lastModified": 1645126146,
        "narHash": "sha256-XQ1eg4gzXoc7Tl8iXak1uCt3KnsTyxqPtLE+vOoDnrQ=",
        "owner": "divnix",
        "repo": "yants",
        "rev": "77df2be1b3cce9f571c6cf451f786b266a6869cc",
        "type": "github"
      },
      "original": {
        "owner": "divnix",
        "repo": "yants",
        "type": "github"
      }
    }
  },
  "root": "root",
  "version": 7
}
