{
  "nodes": {
    "darwin-nixpkgs": {
      "locked": {
        "lastModified": 1610942247,
        "narHash": "sha256-PKo1ATAlC6BmfYSRmX0TVmNoFbrec+A5OKcabGEu2yU=",
        "owner": "NixOS",
        "repo": "nixpkgs",
        "rev": "7d71001b796340b219d1bfa8552c81995017544a",
        "type": "github"
      },
      "original": {
        "id": "nixpkgs",
        "rev": "7d71001b796340b219d1bfa8552c81995017544a",
        "type": "indirect"
      }
    },
    "devshell-flake": {
      "locked": {
        "lastModified": 1618523768,
        "narHash": "sha256-Gev9da35pHUey3kGz/zrJFc/9ICs++vPCho7qB1mqd8=",
        "owner": "numtide",
        "repo": "devshell",
        "rev": "709fe4d04a9101c9d224ad83f73416dce71baf21",
        "type": "github"
      },
      "original": {
        "owner": "numtide",
        "repo": "devshell",
        "type": "github"
      }
    },
    "easy-hls-nix": {
      "inputs": {
        "nixpkgs": [
          "nixpkgs"
        ]
      },
      "locked": {
        "lastModified": 1615701211,
        "narHash": "sha256-S5/eFiSsXhfWk4yNOAN3QE+UACzQ+ak7yuSGNlkvGvI=",
        "owner": "jkachmar",
        "repo": "easy-hls-nix",
        "rev": "cf0cb016e1c57934592fd4c9d07d6b7a67d3f6ce",
        "type": "github"
      },
      "original": {
        "owner": "jkachmar",
        "repo": "easy-hls-nix",
        "type": "github"
      }
    },
    "flake-compat": {
      "flake": false,
      "locked": {
        "lastModified": 1606424373,
        "narHash": "sha256-oq8d4//CJOrVj+EcOaSXvMebvuTkmBJuT5tzlfewUnQ=",
        "owner": "edolstra",
        "repo": "flake-compat",
        "rev": "99f1c2157fba4bfe6211a321fd0ee43199025dbf",
        "type": "github"
      },
      "original": {
        "owner": "edolstra",
        "repo": "flake-compat",
        "type": "github"
      }
    },
    "flake-compat_2": {
      "flake": false,
      "locked": {
        "lastModified": 1606424373,
        "narHash": "sha256-oq8d4//CJOrVj+EcOaSXvMebvuTkmBJuT5tzlfewUnQ=",
        "owner": "edolstra",
        "repo": "flake-compat",
        "rev": "99f1c2157fba4bfe6211a321fd0ee43199025dbf",
        "type": "github"
      },
      "original": {
        "owner": "edolstra",
        "repo": "flake-compat",
        "type": "github"
      }
    },
    "flake-compat_3": {
      "flake": false,
      "locked": {
        "lastModified": 1606424373,
        "narHash": "sha256-oq8d4//CJOrVj+EcOaSXvMebvuTkmBJuT5tzlfewUnQ=",
        "owner": "edolstra",
        "repo": "flake-compat",
        "rev": "99f1c2157fba4bfe6211a321fd0ee43199025dbf",
        "type": "github"
      },
      "original": {
        "owner": "edolstra",
        "repo": "flake-compat",
        "type": "github"
      }
    },
    "flake-utils": {
      "locked": {
        "lastModified": 1618868421,
        "narHash": "sha256-vyoJhLV6cJ8/tWz+l9HZLIkb9Rd9esE7p+0RL6zDR6Y=",
        "owner": "numtide",
        "repo": "flake-utils",
        "rev": "eed214942bcfb3a8cc09eb3b28ca7d7221e44a94",
        "type": "github"
      },
      "original": {
        "owner": "numtide",
        "repo": "flake-utils",
        "type": "github"
      }
    },
    "flake-utils_2": {
      "locked": {
        "lastModified": 1614513358,
        "narHash": "sha256-LakhOx3S1dRjnh0b5Dg3mbZyH0ToC9I8Y2wKSkBaTzU=",
        "owner": "numtide",
        "repo": "flake-utils",
        "rev": "5466c5bbece17adaab2d82fae80b46e807611bf3",
        "type": "github"
      },
      "original": {
        "owner": "numtide",
        "repo": "flake-utils",
        "type": "github"
      }
    },
    "flake-utils_3": {
      "locked": {
        "lastModified": 1614513358,
        "narHash": "sha256-LakhOx3S1dRjnh0b5Dg3mbZyH0ToC9I8Y2wKSkBaTzU=",
        "owner": "numtide",
        "repo": "flake-utils",
        "rev": "5466c5bbece17adaab2d82fae80b46e807611bf3",
        "type": "github"
      },
      "original": {
        "owner": "numtide",
        "repo": "flake-utils",
        "type": "github"
      }
    },
    "flake-utils_4": {
      "locked": {
        "lastModified": 1601282935,
        "narHash": "sha256-WQAFV6sGGQxrRs3a+/Yj9xUYvhTpukQJIcMbIi7LCJ4=",
        "owner": "numtide",
        "repo": "flake-utils",
        "rev": "588973065fce51f4763287f0fda87a174d78bf48",
        "type": "github"
      },
      "original": {
        "owner": "numtide",
        "repo": "flake-utils",
        "type": "github"
      }
    },
    "flake-utils_5": {
      "locked": {
        "lastModified": 1618868421,
        "narHash": "sha256-vyoJhLV6cJ8/tWz+l9HZLIkb9Rd9esE7p+0RL6zDR6Y=",
        "owner": "numtide",
        "repo": "flake-utils",
        "rev": "eed214942bcfb3a8cc09eb3b28ca7d7221e44a94",
        "type": "github"
      },
      "original": {
        "owner": "numtide",
        "repo": "flake-utils",
        "type": "github"
      }
    },
    "flake-utils_6": {
      "locked": {
        "lastModified": 1614513358,
        "narHash": "sha256-LakhOx3S1dRjnh0b5Dg3mbZyH0ToC9I8Y2wKSkBaTzU=",
        "owner": "numtide",
        "repo": "flake-utils",
        "rev": "5466c5bbece17adaab2d82fae80b46e807611bf3",
        "type": "github"
      },
      "original": {
        "owner": "numtide",
        "repo": "flake-utils",
        "type": "github"
      }
    },
    "haskell-flake-env": {
      "inputs": {
        "darwin-nixpkgs": "darwin-nixpkgs",
        "easy-hls-nix": "easy-hls-nix",
        "flake-compat": "flake-compat",
        "flake-utils": "flake-utils_2",
        "nixpkgs": "nixpkgs"
      },
      "locked": {
        "narHash": "sha256-Rcz2hfvWwQDcmiT0qJm+xfnYKRqRpeBBKkKRu0qyxts=",
        "path": "./haskell",
        "type": "path"
      },
      "original": {
        "path": "./haskell",
        "type": "path"
      }
    },
    "mach-nix": {
      "inputs": {
        "flake-utils": "flake-utils_4",
        "nixpkgs": [
          "nixpkgs"
        ],
        "pypi-deps-db": "pypi-deps-db"
      },
      "locked": {
        "lastModified": 1615528021,
        "narHash": "sha256-FSzp2qrHMhyiVr7K2wGdBeqf5HWGDCouuCYGNqgZD2I=",
        "owner": "DavHau",
        "repo": "mach-nix",
        "rev": "ac62255e8112e547432ca0f09bfe8f4d1920fbb8",
        "type": "github"
      },
      "original": {
        "owner": "DavHau",
        "repo": "mach-nix",
        "type": "github"
      }
    },
    "nixpkgs": {
      "locked": {
        "lastModified": 1615709438,
        "narHash": "sha256-hDLC1wVzcD+9dt1U9QpbP0v9bOYD9NGczsobHIEhDYw=",
        "owner": "NixOS",
        "repo": "nixpkgs",
        "rev": "3a7674c896847d18e598fa5da23d7426cb9be3d2",
        "type": "github"
      },
      "original": {
        "id": "nixpkgs",
        "rev": "3a7674c896847d18e598fa5da23d7426cb9be3d2",
        "type": "indirect"
      }
    },
    "nixpkgs_2": {
      "locked": {
        "lastModified": 1610942247,
        "narHash": "sha256-PKo1ATAlC6BmfYSRmX0TVmNoFbrec+A5OKcabGEu2yU=",
        "owner": "NixOS",
        "repo": "nixpkgs",
        "rev": "7d71001b796340b219d1bfa8552c81995017544a",
        "type": "github"
      },
      "original": {
        "id": "nixpkgs",
        "rev": "7d71001b796340b219d1bfa8552c81995017544a",
        "type": "indirect"
      }
    },
    "nixpkgs_3": {
      "locked": {
        "lastModified": 1615709438,
        "narHash": "sha256-hDLC1wVzcD+9dt1U9QpbP0v9bOYD9NGczsobHIEhDYw=",
        "owner": "NixOS",
        "repo": "nixpkgs",
        "rev": "3a7674c896847d18e598fa5da23d7426cb9be3d2",
        "type": "github"
      },
      "original": {
        "id": "nixpkgs",
        "rev": "3a7674c896847d18e598fa5da23d7426cb9be3d2",
        "type": "indirect"
      }
    },
    "nixpkgs_4": {
      "locked": {
        "lastModified": 1610942247,
        "narHash": "sha256-PKo1ATAlC6BmfYSRmX0TVmNoFbrec+A5OKcabGEu2yU=",
        "owner": "NixOS",
        "repo": "nixpkgs",
        "rev": "7d71001b796340b219d1bfa8552c81995017544a",
        "type": "github"
      },
      "original": {
        "id": "nixpkgs",
        "rev": "7d71001b796340b219d1bfa8552c81995017544a",
        "type": "indirect"
      }
    },
    "pypi-deps-db": {
      "flake": false,
      "locked": {
        "lastModified": 1615363940,
        "narHash": "sha256-GJ3ONLWAr5ejqR5bKVfKpI/n+ClaxjyYewMP+QJyq5M=",
        "owner": "DavHau",
        "repo": "pypi-deps-db",
        "rev": "ab522f2d3255789f1ef97fa7c83d4342be156e67",
        "type": "github"
      },
      "original": {
        "owner": "DavHau",
        "repo": "pypi-deps-db",
        "type": "github"
      }
    },
    "pypi-deps-db_2": {
      "flake": false,
      "locked": {
        "lastModified": 1615439355,
        "narHash": "sha256-L122lZoLorZucd6U+utQu+aFQTrj3PE9vJpTebqiXqk=",
        "owner": "DavHau",
        "repo": "pypi-deps-db",
        "rev": "2205d5a0fc9b691e7190d18ba164a3c594570a4b",
        "type": "github"
      },
      "original": {
        "owner": "DavHau",
        "repo": "pypi-deps-db",
        "rev": "2205d5a0fc9b691e7190d18ba164a3c594570a4b",
        "type": "github"
      }
    },
    "python-flake-env": {
      "inputs": {
        "flake-compat": "flake-compat_2",
        "flake-utils": "flake-utils_3",
        "mach-nix": "mach-nix",
        "nixpkgs": "nixpkgs_3",
        "pypi-deps-db": "pypi-deps-db_2"
      },
      "locked": {
        "narHash": "sha256-xbdMspCGglt2ZWM7Phjo4cd+SPJjKePSWamOpltvZ+8=",
        "path": "./python",
        "type": "path"
      },
      "original": {
        "path": "./python",
        "type": "path"
      }
    },
    "root": {
      "inputs": {
        "flake-utils": "flake-utils",
        "haskell-flake-env": "haskell-flake-env",
        "nixpkgs": "nixpkgs_2",
        "python-flake-env": "python-flake-env",
        "rust-flake-env": "rust-flake-env"
      }
    },
    "rust-flake-env": {
      "inputs": {
        "devshell-flake": "devshell-flake",
        "flake-compat": "flake-compat_3",
        "flake-utils": "flake-utils_5",
        "nixpkgs": "nixpkgs_4",
        "rust-overlay": "rust-overlay"
      },
      "locked": {
        "narHash": "sha256-f0WtJlh/0XwqZkq7LjnApyTcYeVqw2EObzeKcMKXYeE=",
        "path": "./rust",
        "type": "path"
      },
      "original": {
        "path": "./rust",
        "type": "path"
      }
    },
    "rust-overlay": {
      "inputs": {
        "flake-utils": "flake-utils_6",
        "nixpkgs": [
          "nixpkgs"
        ]
      },
      "locked": {
        "lastModified": 1618939215,
        "narHash": "sha256-VGemNqZTqlrFdBEiVAe5JH1O+MGVmhjUkqQGg4tN7Bk=",
        "owner": "oxalica",
        "repo": "rust-overlay",
        "rev": "92e356aeb6cca0fbf501da6c1f4ebc059fa20777",
        "type": "github"
      },
      "original": {
        "owner": "oxalica",
        "repo": "rust-overlay",
        "type": "github"
      }
    }
  },
  "root": "root",
  "version": 7
}
