{
  "nodes": {
    "fenix": {
      "inputs": {
        "nixpkgs": [
          "nixpkgs"
        ],
        "rust-analyzer-src": "rust-analyzer-src"
      },
      "locked": {
        "lastModified": 1689747703,
        "narHash": "sha256-abwTXTz2u2P32fN9XRQKV+TUkcRZDfNIQ73mq9fyTxg=",
        "owner": "nix-community",
        "repo": "fenix",
        "rev": "5e70fbab6c431bd8454d336ef06ef609f4d6e6f3",
        "type": "github"
      },
      "original": {
        "owner": "nix-community",
        "repo": "fenix",
        "type": "github"
      }
    },
    "nixpkgs": {
      "locked": {
        "lastModified": 1679259817,
        "narHash": "sha256-gq0bjOAugzKT7+3rTU7EixlTrtgmPpc03XaComNgtj4=",
        "owner": "NixOS",
        "repo": "nixpkgs",
        "rev": "96f6f7c7fc7da4d3effb7f059a441634f42bea12",
        "type": "github"
      },
      "original": {
        "owner": "NixOS",
        "repo": "nixpkgs",
        "rev": "96f6f7c7fc7da4d3effb7f059a441634f42bea12",
        "type": "github"
      }
    },
    "process-compose-flake": {
      "locked": {
        "lastModified": 1689713813,
        "narHash": "sha256-5xWoY8guwR9zDJPxFrKTCS2zwJZKdKH4zsioMvDr99E=",
        "owner": "Platonic-Systems",
        "repo": "process-compose-flake",
        "rev": "12cf28de0ebe8c152ade041c4b3b8671438e21a0",
        "type": "github"
      },
      "original": {
        "owner": "Platonic-Systems",
        "repo": "process-compose-flake",
        "type": "github"
      }
    },
    "root": {
      "inputs": {
        "fenix": "fenix",
        "nixpkgs": "nixpkgs",
        "process-compose-flake": "process-compose-flake"
      }
    },
    "rust-analyzer-src": {
      "flake": false,
      "locked": {
        "lastModified": 1689689012,
        "narHash": "sha256-zC4p3/A34hio7uEAHlewOmSZkBWSKReSpplVuVHPrwo=",
        "owner": "rust-lang",
        "repo": "rust-analyzer",
        "rev": "3759c41d3c6966eb3aa18ad5916c0da65ff19641",
        "type": "github"
      },
      "original": {
        "owner": "rust-lang",
        "ref": "nightly",
        "repo": "rust-analyzer",
        "type": "github"
      }
    }
  },
  "root": "root",
  "version": 7
}
