{
  "nodes": {
    "flake-utils": {
      "locked": {
        "lastModified": 1614513358,
        "narHash": "sha256-LakhOx3S1dRjnh0b5Dg3mbZyH0ToC9I8Y2wKSkBaTzU=",
        "owner": "numtide",
        "repo": "flake-utils",
        "rev": "5466c5bbece17adaab2d82fae80b46e807611bf3",
        "type": "github"
      },
      "original": {
        "owner": "numtide",
        "repo": "flake-utils",
        "type": "github"
      }
    },
    "gomod2nix-flake": {
      "inputs": {
        "nixpkgs": [
          "nixpkgs"
        ],
        "utils": "utils"
      },
      "locked": {
        "lastModified": 1615936132,
        "narHash": "sha256-Jq7n1GPFjgmbrpA7pPC9a2MbVmIeTkx/CTU4A14bUf0=",
        "owner": "GTrunSec",
        "repo": "gomod2nix",
        "rev": "0333f00e5face3710df5754afe53c7e651a5f60c",
        "type": "github"
      },
      "original": {
        "owner": "GTrunSec",
        "ref": "flake-overlay",
        "repo": "gomod2nix",
        "type": "github"
      }
    },
    "nixpkgs": {
      "locked": {
        "lastModified": 1615709438,
        "narHash": "sha256-hDLC1wVzcD+9dt1U9QpbP0v9bOYD9NGczsobHIEhDYw=",
        "owner": "NixOS",
        "repo": "nixpkgs",
        "rev": "3a7674c896847d18e598fa5da23d7426cb9be3d2",
        "type": "github"
      },
      "original": {
        "id": "nixpkgs",
        "rev": "3a7674c896847d18e598fa5da23d7426cb9be3d2",
        "type": "indirect"
      }
    },
    "root": {
      "inputs": {
        "flake-utils": "flake-utils",
        "gomod2nix-flake": "gomod2nix-flake",
        "nixpkgs": "nixpkgs"
      }
    },
    "utils": {
      "locked": {
        "lastModified": 1601282935,
        "narHash": "sha256-WQAFV6sGGQxrRs3a+/Yj9xUYvhTpukQJIcMbIi7LCJ4=",
        "owner": "numtide",
        "repo": "flake-utils",
        "rev": "588973065fce51f4763287f0fda87a174d78bf48",
        "type": "github"
      },
      "original": {
        "owner": "numtide",
        "repo": "flake-utils",
        "type": "github"
      }
    }
  },
  "root": "root",
  "version": 7
}
