{
  "nodes": {
    "emacs-overlay": {
      "locked": {
        "lastModified": 1627693288,
        "narHash": "sha256-m6Rk9ObcNAc8OTD+aH2PBiKUToNIalDAffv/RAXQ5LU=",
        "owner": "nix-community",
        "repo": "emacs-overlay",
        "rev": "fae838fbf957c2abf4ec17844c2ee73ba94bffb7",
        "type": "github"
      },
      "original": {
        "owner": "nix-community",
        "repo": "emacs-overlay",
        "type": "github"
      }
    },
    "nix-mode": {
      "inputs": {
        "nixpkgs": "nixpkgs"
      },
      "locked": {
        "lastModified": 1625609839,
        "narHash": "sha256-U/SbQn95Y2a4+3e4D1AmTp57oSdnLwI9m8KyBdFGyLE=",
        "owner": "NixOS",
        "repo": "nix-mode",
        "rev": "3cca5b6527a69c4701394f424726282a1462ede3",
        "type": "github"
      },
      "original": {
        "owner": "NixOS",
        "repo": "nix-mode",
        "type": "github"
      }
    },
    "nixpkgs": {
      "locked": {
        "lastModified": 1623961232,
        "narHash": "sha256-5X5v37GTBFdQnc3rvbSPJyAtO+/z1wHZF3Kz61g2Mx4=",
        "owner": "NixOS",
        "repo": "nixpkgs",
        "rev": "bad3ccd099ebe9a8aa017bda8500ab02787d90aa",
        "type": "github"
      },
      "original": {
        "id": "nixpkgs",
        "ref": "nixos-21.05-small",
        "type": "indirect"
      }
    },
    "nixpkgs_2": {
      "locked": {
        "lastModified": 1627714638,
        "narHash": "sha256-K50HjZJzRaFoxzGkbNwynsrKGQsinmUQE5HNSCNcO6Y=",
        "owner": "NixOS",
        "repo": "nixpkgs",
        "rev": "11c662074e2ae3dddd7e157918b6981de4ce7857",
        "type": "github"
      },
      "original": {
        "id": "nixpkgs",
        "ref": "release-21.05",
        "type": "indirect"
      }
    },
    "root": {
      "inputs": {
        "emacs-overlay": "emacs-overlay",
        "nix-mode": "nix-mode",
        "nixpkgs": "nixpkgs_2"
      }
    }
  },
  "root": "root",
  "version": 7
}
