{
  "nodes": {
    "data-merge": {
      "inputs": {
        "nixlib": "nixlib",
        "yants": "yants"
      },
      "locked": {
        "lastModified": 1648237091,
        "narHash": "sha256-OtgcOt/CB0/9S0rh1eAog+AvAg9kF6GyAknyWOXiAZI=",
        "owner": "divnix",
        "repo": "data-merge",
        "rev": "b21bcf7bd949ac92af3930ecb1d3df8786384722",
        "type": "github"
      },
      "original": {
        "owner": "divnix",
        "repo": "data-merge",
        "type": "github"
      }
    },
    "nixlib": {
      "locked": {
        "lastModified": 1650156377,
        "narHash": "sha256-a5YlF/WX8psCigVPNXWwyq5poZdJfUSwzLM4qEvaGMg=",
        "owner": "nix-community",
        "repo": "nixpkgs.lib",
        "rev": "26c5f0827224e4a01422d5c37c8021c2e5765611",
        "type": "github"
      },
      "original": {
        "owner": "nix-community",
        "repo": "nixpkgs.lib",
        "type": "github"
      }
    },
    "nixpkgs": {
      "locked": {
        "lastModified": 1650156377,
        "narHash": "sha256-a5YlF/WX8psCigVPNXWwyq5poZdJfUSwzLM4qEvaGMg=",
        "owner": "nix-community",
        "repo": "nixpkgs.lib",
        "rev": "26c5f0827224e4a01422d5c37c8021c2e5765611",
        "type": "github"
      },
      "original": {
        "owner": "nix-community",
        "repo": "nixpkgs.lib",
        "type": "github"
      }
    },
    "nixpkgs_2": {
      "locked": {
        "lastModified": 1649961138,
        "narHash": "sha256-8ZCPrazs+qd2V8Elw84lIWuk0kKfVQ8Ei/19gahURhM=",
        "owner": "NixOS",
        "repo": "nixpkgs",
        "rev": "d08394e7cd5c7431a1e8f53b7f581e74ee909548",
        "type": "github"
      },
      "original": {
        "owner": "NixOS",
        "ref": "nixpkgs-unstable",
        "repo": "nixpkgs",
        "type": "github"
      }
    },
    "nixpkgs_3": {
      "locked": {
        "lastModified": 1649961138,
        "narHash": "sha256-8ZCPrazs+qd2V8Elw84lIWuk0kKfVQ8Ei/19gahURhM=",
        "owner": "nixos",
        "repo": "nixpkgs",
        "rev": "d08394e7cd5c7431a1e8f53b7f581e74ee909548",
        "type": "github"
      },
      "original": {
        "owner": "nixos",
        "ref": "nixpkgs-unstable",
        "repo": "nixpkgs",
        "type": "github"
      }
    },
    "root": {
      "inputs": {
        "data-merge": "data-merge",
        "nixpkgs": "nixpkgs_2",
        "std": "std"
      }
    },
    "std": {
      "inputs": {
        "nixpkgs": "nixpkgs_3",
        "yants": "yants_2"
      },
      "locked": {
        "lastModified": 1648853801,
        "narHash": "sha256-I2jGAj5W+RfmgS22WAoo6+9Pc1qrx015e9dxS9OTO2c=",
        "owner": "divnix",
        "repo": "std",
        "rev": "99889610e9248a2677e0c0cf22e19b5a4924df58",
        "type": "github"
      },
      "original": {
        "owner": "divnix",
        "repo": "std",
        "type": "github"
      }
    },
    "yants": {
      "inputs": {
        "nixpkgs": "nixpkgs"
      },
      "locked": {
        "lastModified": 1645126146,
        "narHash": "sha256-XQ1eg4gzXoc7Tl8iXak1uCt3KnsTyxqPtLE+vOoDnrQ=",
        "owner": "divnix",
        "repo": "yants",
        "rev": "77df2be1b3cce9f571c6cf451f786b266a6869cc",
        "type": "github"
      },
      "original": {
        "owner": "divnix",
        "repo": "yants",
        "type": "github"
      }
    },
    "yants_2": {
      "inputs": {
        "nixpkgs": [
          "std",
          "nixpkgs"
        ]
      },
      "locked": {
        "lastModified": 1645126146,
        "narHash": "sha256-XQ1eg4gzXoc7Tl8iXak1uCt3KnsTyxqPtLE+vOoDnrQ=",
        "owner": "divnix",
        "repo": "yants",
        "rev": "77df2be1b3cce9f571c6cf451f786b266a6869cc",
        "type": "github"
      },
      "original": {
        "owner": "divnix",
        "repo": "yants",
        "type": "github"
      }
    }
  },
  "root": "root",
  "version": 7
}
